
Microsoft Visual Studio Solution File, Format Version 12.00
# Visual Studio Version 17
VisualStudioVersion = 17.0.31903.59
MinimumVisualStudioVersion = 10.0.40219.1
Project("{2150E333-8FDC-42A3-9474-1A3956D46DE8}") = "src", "src", "{827E0CD3-B72D-47B6-A68D-7590B98EB39B}"
EndProject
Project("{FAE04EC0-301F-11D3-BF4B-00C04F79EFBC}") = "GameSidebar.App", "src\GameSidebar.App\GameSidebar.App.csproj", "{79BC20B7-E098-4B01-871C-B354EA79E39E}"
EndProject
Project("{FAE04EC0-301F-11D3-BF4B-00C04F79EFBC}") = "GameSidebar.Application", "src\GameSidebar.Application\GameSidebar.Application.csproj", "{7F117609-9970-43A0-AABB-508B3C1CCA30}"
EndProject
Project("{FAE04EC0-301F-11D3-BF4B-00C04F79EFBC}") = "GameSidebar.Core", "src\GameSidebar.Core\GameSidebar.Core.csproj", "{3037C91C-CE5A-4D30-9565-843C9F53131D}"
EndProject
Project("{FAE04EC0-301F-11D3-BF4B-00C04F79EFBC}") = "GameSidebar.Platform.Windows", "src\GameSidebar.Platform.Windows\GameSidebar.Platform.Windows.csproj", "{AFB97C7C-6EDB-4F5A-8A7D-C49AB34B7C29}"
EndProject
Project("{2150E333-8FDC-42A3-9474-1A3956D46DE8}") = "tests", "tests", "{0AB3BF05-4346-4AA6-1389-037BE0695223}"
EndProject
Project("{FAE04EC0-301F-11D3-BF4B-00C04F79EFBC}") = "GameSidebar.Application.Tests", "tests\GameSidebar.Application.Tests\GameSidebar.Application.Tests.csproj", "{1EBBE5E3-3C65-4D94-A954-B02ADE7EAA1E}"
EndProject
Project("{FAE04EC0-301F-11D3-BF4B-00C04F79EFBC}") = "GameSidebar.Core.Tests", "tests\GameSidebar.Core.Tests\GameSidebar.Core.Tests.csproj", "{FF44EE19-5809-41D9-9D68-E856F086D42C}"
EndProject
Project("{FAE04EC0-301F-11D3-BF4B-00C04F79EFBC}") = "GameSidebar.Platform.Windows.Tests", "tests\GameSidebar.Platform.Windows.Tests\GameSidebar.Platform.Windows.Tests.csproj", "{A7EFC5C6-F8F0-4BD7-A484-E5BB96257B4F}"
EndProject
Project("{2150E333-8FDC-42A3-9474-1A3956D46DE8}") = "tools", "tools", "{07C2787E-EAC7-C090-1BA3-A61EC2A24D84}"
EndProject
Project("{FAE04EC0-301F-11D3-BF4B-00C04F79EFBC}") = "GameSidebar.TestWindow", "tools\GameSidebar.TestWindow\GameSidebar.TestWindow.csproj", "{17FF0485-6E23-46D1-8C79-9B14D0F504DD}"
EndProject
Global
	GlobalSection(SolutionConfigurationPlatforms) = preSolution
		Debug|Any CPU = Debug|Any CPU
		Debug|x64 = Debug|x64
		Debug|x86 = Debug|x86
		Release|Any CPU = Release|Any CPU
		Release|x64 = Release|x64
		Release|x86 = Release|x86
	EndGlobalSection
	GlobalSection(ProjectConfigurationPlatforms) = postSolution
		{79BC20B7-E098-4B01-871C-B354EA79E39E}.Debug|Any CPU.ActiveCfg = Debug|Any CPU
		{79BC20B7-E098-4B01-871C-B354EA79E39E}.Debug|Any CPU.Build.0 = Debug|Any CPU
		{79BC20B7-E098-4B01-871C-B354EA79E39E}.Debug|x64.ActiveCfg = Debug|Any CPU
		{79BC20B7-E098-4B01-871C-B354EA79E39E}.Debug|x64.Build.0 = Debug|Any CPU
		{79BC20B7-E098-4B01-871C-B354EA79E39E}.Debug|x86.ActiveCfg = Debug|Any CPU
		{79BC20B7-E098-4B01-871C-B354EA79E39E}.Debug|x86.Build.0 = Debug|Any CPU
		{79BC20B7-E098-4B01-871C-B354EA79E39E}.Release|Any CPU.ActiveCfg = Release|Any CPU
		{79BC20B7-E098-4B01-871C-B354EA79E39E}.Release|Any CPU.Build.0 = Release|Any CPU
		{79BC20B7-E098-4B01-871C-B354EA79E39E}.Release|x64.ActiveCfg = Release|Any CPU
		{79BC20B7-E098-4B01-871C-B354EA79E39E}.Release|x64.Build.0 = Release|Any CPU
		{79BC20B7-E098-4B01-871C-B354EA79E39E}.Release|x86.ActiveCfg = Release|Any CPU
		{79BC20B7-E098-4B01-871C-B354EA79E39E}.Release|x86.Build.0 = Release|Any CPU
		{7F117609-9970-43A0-AABB-508B3C1CCA30}.Debug|Any CPU.ActiveCfg = Debug|Any CPU
		{7F117609-9970-43A0-AABB-508B3C1CCA30}.Debug|Any CPU.Build.0 = Debug|Any CPU
		{7F117609-9970-43A0-AABB-508B3C1CCA30}.Debug|x64.ActiveCfg = Debug|Any CPU
		{7F117609-9970-43A0-AABB-508B3C1CCA30}.Debug|x64.Build.0 = Debug|Any CPU
		{7F117609-9970-43A0-AABB-508B3C1CCA30}.Debug|x86.ActiveCfg = Debug|Any CPU
		{7F117609-9970-43A0-AABB-508B3C1CCA30}.Debug|x86.Build.0 = Debug|Any CPU
		{7F117609-9970-43A0-AABB-508B3C1CCA30}.Release|Any CPU.ActiveCfg = Release|Any CPU
		{7F117609-9970-43A0-AABB-508B3C1CCA30}.Release|Any CPU.Build.0 = Release|Any CPU
		{7F117609-9970-43A0-AABB-508B3C1CCA30}.Release|x64.ActiveCfg = Release|Any CPU
		{7F117609-9970-43A0-AABB-508B3C1CCA30}.Release|x64.Build.0 = Release|Any CPU
		{7F117609-9970-43A0-AABB-508B3C1CCA30}.Release|x86.ActiveCfg = Release|Any CPU
		{7F117609-9970-43A0-AABB-508B3C1CCA30}.Release|x86.Build.0 = Release|Any CPU
		{3037C91C-CE5A-4D30-9565-843C9F53131D}.Debug|Any CPU.ActiveCfg = Debug|Any CPU
		{3037C91C-CE5A-4D30-9565-843C9F53131D}.Debug|Any CPU.Build.0 = Debug|Any CPU
		{3037C91C-CE5A-4D30-9565-843C9F53131D}.Debug|x64.ActiveCfg = Debug|Any CPU
		{3037C91C-CE5A-4D30-9565-843C9F53131D}.Debug|x64.Build.0 = Debug|Any CPU
		{3037C91C-CE5A-4D30-9565-843C9F53131D}.Debug|x86.ActiveCfg = Debug|Any CPU
		{3037C91C-CE5A-4D30-9565-843C9F53131D}.Debug|x86.Build.0 = Debug|Any CPU
		{3037C91C-CE5A-4D30-9565-843C9F53131D}.Release|Any CPU.ActiveCfg = Release|Any CPU
		{3037C91C-CE5A-4D30-9565-843C9F53131D}.Release|Any CPU.Build.0 = Release|Any CPU
		{3037C91C-CE5A-4D30-9565-843C9F53131D}.Release|x64.ActiveCfg = Release|Any CPU
		{3037C91C-CE5A-4D30-9565-843C9F53131D}.Release|x64.Build.0 = Release|Any CPU
		{3037C91C-CE5A-4D30-9565-843C9F53131D}.Release|x86.ActiveCfg = Release|Any CPU
		{3037C91C-CE5A-4D30-9565-843C9F53131D}.Release|x86.Build.0 = Release|Any CPU
		{AFB97C7C-6EDB-4F5A-8A7D-C49AB34B7C29}.Debug|Any CPU.ActiveCfg = Debug|Any CPU
		{AFB97C7C-6EDB-4F5A-8A7D-C49AB34B7C29}.Debug|Any CPU.Build.0 = Debug|Any CPU
		{AFB97C7C-6EDB-4F5A-8A7D-C49AB34B7C29}.Debug|x64.ActiveCfg = Debug|Any CPU
		{AFB97C7C-6EDB-4F5A-8A7D-C49AB34B7C29}.Debug|x64.Build.0 = Debug|Any CPU
		{AFB97C7C-6EDB-4F5A-8A7D-C49AB34B7C29}.Debug|x86.ActiveCfg = Debug|Any CPU
		{AFB97C7C-6EDB-4F5A-8A7D-C49AB34B7C29}.Debug|x86.Build.0 = Debug|Any CPU
		{AFB97C7C-6EDB-4F5A-8A7D-C49AB34B7C29}.Release|Any CPU.ActiveCfg = Release|Any CPU
		{AFB97C7C-6EDB-4F5A-8A7D-C49AB34B7C29}.Release|Any CPU.Build.0 = Release|Any CPU
		{AFB97C7C-6EDB-4F5A-8A7D-C49AB34B7C29}.Release|x64.ActiveCfg = Release|Any CPU
		{AFB97C7C-6EDB-4F5A-8A7D-C49AB34B7C29}.Release|x64.Build.0 = Release|Any CPU
		{AFB97C7C-6EDB-4F5A-8A7D-C49AB34B7C29}.Release|x86.ActiveCfg = Release|Any CPU
		{AFB97C7C-6EDB-4F5A-8A7D-C49AB34B7C29}.Release|x86.Build.0 = Release|Any CPU
		{1EBBE5E3-3C65-4D94-A954-B02ADE7EAA1E}.Debug|Any CPU.ActiveCfg = Debug|Any CPU
		{1EBBE5E3-3C65-4D94-A954-B02ADE7EAA1E}.Debug|Any CPU.Build.0 = Debug|Any CPU
		{1EBBE5E3-3C65-4D94-A954-B02ADE7EAA1E}.Debug|x64.ActiveCfg = Debug|Any CPU
		{1EBBE5E3-3C65-4D94-A954-B02ADE7EAA1E}.Debug|x64.Build.0 = Debug|Any CPU
		{1EBBE5E3-3C65-4D94-A954-B02ADE7EAA1E}.Debug|x86.ActiveCfg = Debug|Any CPU
		{1EBBE5E3-3C65-4D94-A954-B02ADE7EAA1E}.Debug|x86.Build.0 = Debug|Any CPU
		{1EBBE5E3-3C65-4D94-A954-B02ADE7EAA1E}.Release|Any CPU.ActiveCfg = Release|Any CPU
		{1EBBE5E3-3C65-4D94-A954-B02ADE7EAA1E}.Release|Any CPU.Build.0 = Release|Any CPU
		{1EBBE5E3-3C65-4D94-A954-B02ADE7EAA1E}.Release|x64.ActiveCfg = Release|Any CPU
		{1EBBE5E3-3C65-4D94-A954-B02ADE7EAA1E}.Release|x64.Build.0 = Release|Any CPU
		{1EBBE5E3-3C65-4D94-A954-B02ADE7EAA1E}.Release|x86.ActiveCfg = Release|Any CPU
		{1EBBE5E3-3C65-4D94-A954-B02ADE7EAA1E}.Release|x86.Build.0 = Release|Any CPU
		{FF44EE19-5809-41D9-9D68-E856F086D42C}.Debug|Any CPU.ActiveCfg = Debug|Any CPU
		{FF44EE19-5809-41D9-9D68-E856F086D42C}.Debug|Any CPU.Build.0 = Debug|Any CPU
		{FF44EE19-5809-41D9-9D68-E856F086D42C}.Debug|x64.ActiveCfg = Debug|Any CPU
		{FF44EE19-5809-41D9-9D68-E856F086D42C}.Debug|x64.Build.0 = Debug|Any CPU
		{FF44EE19-5809-41D9-9D68-E856F086D42C}.Debug|x86.ActiveCfg = Debug|Any CPU
		{FF44EE19-5809-41D9-9D68-E856F086D42C}.Debug|x86.Build.0 = Debug|Any CPU
		{FF44EE19-5809-41D9-9D68-E856F086D42C}.Release|Any CPU.ActiveCfg = Release|Any CPU
		{FF44EE19-5809-41D9-9D68-E856F086D42C}.Release|Any CPU.Build.0 = Release|Any CPU
		{FF44EE19-5809-41D9-9D68-E856F086D42C}.Release|x64.ActiveCfg = Release|Any CPU
		{FF44EE19-5809-41D9-9D68-E856F086D42C}.Release|x64.Build.0 = Release|Any CPU
		{FF44EE19-5809-41D9-9D68-E856F086D42C}.Release|x86.ActiveCfg = Release|Any CPU
		{FF44EE19-5809-41D9-9D68-E856F086D42C}.Release|x86.Build.0 = Release|Any CPU
		{A7EFC5C6-F8F0-4BD7-A484-E5BB96257B4F}.Debug|Any CPU.ActiveCfg = Debug|Any CPU
		{A7EFC5C6-F8F0-4BD7-A484-E5BB96257B4F}.Debug|Any CPU.Build.0 = Debug|Any CPU
		{A7EFC5C6-F8F0-4BD7-A484-E5BB96257B4F}.Debug|x64.ActiveCfg = Debug|Any CPU
		{A7EFC5C6-F8F0-4BD7-A484-E5BB96257B4F}.Debug|x64.Build.0 = Debug|Any CPU
		{A7EFC5C6-F8F0-4BD7-A484-E5BB96257B4F}.Debug|x86.ActiveCfg = Debug|Any CPU
		{A7EFC5C6-F8F0-4BD7-A484-E5BB96257B4F}.Debug|x86.Build.0 = Debug|Any CPU
		{A7EFC5C6-F8F0-4BD7-A484-E5BB96257B4F}.Release|Any CPU.ActiveCfg = Release|Any CPU
		{A7EFC5C6-F8F0-4BD7-A484-E5BB96257B4F}.Release|Any CPU.Build.0 = Release|Any CPU
		{A7EFC5C6-F8F0-4BD7-A484-E5BB96257B4F}.Release|x64.ActiveCfg = Release|Any CPU
		{A7EFC5C6-F8F0-4BD7-A484-E5BB96257B4F}.Release|x64.Build.0 = Release|Any CPU
		{A7EFC5C6-F8F0-4BD7-A484-E5BB96257B4F}.Release|x86.ActiveCfg = Release|Any CPU
		{A7EFC5C6-F8F0-4BD7-A484-E5BB96257B4F}.Release|x86.Build.0 = Release|Any CPU
		{17FF0485-6E23-46D1-8C79-9B14D0F504DD}.Debug|Any CPU.ActiveCfg = Debug|Any CPU
		{17FF0485-6E23-46D1-8C79-9B14D0F504DD}.Debug|Any CPU.Build.0 = Debug|Any CPU
		{17FF0485-6E23-46D1-8C79-9B14D0F504DD}.Debug|x64.ActiveCfg = Debug|Any CPU
		{17FF0485-6E23-46D1-8C79-9B14D0F504DD}.Debug|x64.Build.0 = Debug|Any CPU
		{17FF0485-6E23-46D1-8C79-9B14D0F504DD}.Debug|x86.ActiveCfg = Debug|Any CPU
		{17FF0485-6E23-46D1-8C79-9B14D0F504DD}.Debug|x86.Build.0 = Debug|Any CPU
		{17FF0485-6E23-46D1-8C79-9B14D0F504DD}.Release|Any CPU.ActiveCfg = Release|Any CPU
		{17FF0485-6E23-46D1-8C79-9B14D0F504DD}.Release|Any CPU.Build.0 = Release|Any CPU
		{17FF0485-6E23-46D1-8C79-9B14D0F504DD}.Release|x64.ActiveCfg = Release|Any CPU
		{17FF0485-6E23-46D1-8C79-9B14D0F504DD}.Release|x64.Build.0 = Release|Any CPU
		{17FF0485-6E23-46D1-8C79-9B14D0F504DD}.Release|x86.ActiveCfg = Release|Any CPU
		{17FF0485-6E23-46D1-8C79-9B14D0F504DD}.Release|x86.Build.0 = Release|Any CPU
	EndGlobalSection
	GlobalSection(SolutionProperties) = preSolution
		HideSolutionNode = FALSE
	EndGlobalSection
	GlobalSection(NestedProjects) = preSolution
		{79BC20B7-E098-4B01-871C-B354EA79E39E} = {827E0CD3-B72D-47B6-A68D-7590B98EB39B}
		{7F117609-9970-43A0-AABB-508B3C1CCA30} = {827E0CD3-B72D-47B6-A68D-7590B98EB39B}
		{3037C91C-CE5A-4D30-9565-843C9F53131D} = {827E0CD3-B72D-47B6-A68D-7590B98EB39B}
		{AFB97C7C-6EDB-4F5A-8A7D-C49AB34B7C29} = {827E0CD3-B72D-47B6-A68D-7590B98EB39B}
		{1EBBE5E3-3C65-4D94-A954-B02ADE7EAA1E} = {0AB3BF05-4346-4AA6-1389-037BE0695223}
		{FF44EE19-5809-41D9-9D68-E856F086D42C} = {0AB3BF05-4346-4AA6-1389-037BE0695223}
		{A7EFC5C6-F8F0-4BD7-A484-E5BB96257B4F} = {0AB3BF05-4346-4AA6-1389-037BE0695223}
		{17FF0485-6E23-46D1-8C79-9B14D0F504DD} = {07C2787E-EAC7-C090-1BA3-A61EC2A24D84}
	EndGlobalSection
EndGlobal
